<Solution>
  <Folder Name="/src/" />
  <Folder Name="/src/core/">
    <Project Path="src/core/Mythosia.AI.Abstractions/Mythosia.AI.Abstractions.csproj" />
    <Project Path="src/core/Mythosia.AI.Providers.Alibaba/Mythosia.AI.Providers.Alibaba.csproj" />
    <Project Path="src/core/Mythosia.AI/Mythosia.AI.csproj" />
  </Folder>
  <Folder Name="/src/loaders/">
    <Project Path="src/loaders/Mythosia.Documents.Abstractions/Mythosia.Documents.Abstractions.csproj" />
    <Project Path="src/loaders/Mythosia.Documents.Office/Mythosia.Documents.Office.csproj" />
    <Project Path="src/loaders/Mythosia.Documents.Pdf/Mythosia.Documents.Pdf.csproj" />
  </Folder>
  <Folder Name="/src/rag/">
    <Project Path="src/rag/Mythosia.AI.Rag.Abstractions/Mythosia.AI.Rag.Abstractions.csproj" />
    <Project Path="src/rag/Mythosia.AI.Rag/Mythosia.AI.Rag.csproj" />
  </Folder>
  <Folder Name="/src/vectordb/">
    <Project Path="src/vectordb/Mythosia.VectorDb.Abstractions/Mythosia.VectorDb.Abstractions.csproj" />
    <Project Path="src/vectordb/Mythosia.VectorDb.InMemory/Mythosia.VectorDb.InMemory.csproj" />
    <Project Path="src/vectordb/Mythosia.VectorDb.Pinecone/Mythosia.VectorDb.Pinecone.csproj" />
    <Project Path="src/vectordb/Mythosia.VectorDb.Postgres/Mythosia.VectorDb.Postgres.csproj" />
    <Project Path="src/vectordb/Mythosia.VectorDb.Qdrant/Mythosia.VectorDb.Qdrant.csproj" />
    <Project Path="src/vectordb/Mythosia.VectorDb.Tools/Mythosia.VectorDb.Tools.csproj" />
  </Folder>
  <Folder Name="/samples/">
    <Project Path="samples/Mythosia.AI.Samples.ChatUi/Mythosia.AI.Samples.ChatUi.csproj" />
  </Folder>
  <Folder Name="/tests/">
    <Project Path="tests/Mythosia.AI.Rag.Tests/Mythosia.AI.Rag.Tests.csproj" />
    <Project Path="tests/Mythosia.AI.Test/Mythosia.AI.Test.csproj" />
    <Project Path="tests/Mythosia.VectorDb.Postgres.Tests/Mythosia.VectorDb.Postgres.Tests.csproj" />
  </Folder>
</Solution>